
Microsoft Visual Studio Solution File, Format Version 12.00
# Visual Studio Version 17
VisualStudioVersion = 17.14.36109.1 d17.14
MinimumVisualStudioVersion = 10.0.40219.1
Project("{FAE04EC0-301F-11D3-BF4B-00C04F79EFBC}") = "NovelWaveTechAPI", "NovelWaveTechAPI\NovelWaveTechAPI.csproj", "{2C4E9082-C2AC-4E37-9F9C-995646EC9EEF}"
EndProject
Project("{FAE04EC0-301F-11D3-BF4B-00C04F79EFBC}") = "NovelWaveTechUI", "NovelWaveTechUI\NovelWaveTechUI.csproj", "{F8EC0B9E-7DD1-4489-A508-23C7B459A348}"
EndProject
Project("{FAE04EC0-301F-11D3-BF4B-00C04F79EFBC}") = "Application", "Application\Application.csproj", "{F03131EB-6C41-41E8-9404-348CCA4DEA3C}"
EndProject
Project("{FAE04EC0-301F-11D3-BF4B-00C04F79EFBC}") = "Domain", "Domain\Domain.csproj", "{2EB34445-7C9E-4BDE-BE32-B2F0B3D80A4E}"
EndProject
Project("{FAE04EC0-301F-11D3-BF4B-00C04F79EFBC}") = "Infrastructure", "Infrastructure\Infrastructure.csproj", "{47F1D7DD-6F00-40B1-9112-A8DE7C625C6A}"
EndProject
Global
	GlobalSection(SolutionConfigurationPlatforms) = preSolution
		Debug|Any CPU = Debug|Any CPU
		Release|Any CPU = Release|Any CPU
	EndGlobalSection
	GlobalSection(ProjectConfigurationPlatforms) = postSolution
		{2C4E9082-C2AC-4E37-9F9C-995646EC9EEF}.Debug|Any CPU.ActiveCfg = Debug|Any CPU
		{2C4E9082-C2AC-4E37-9F9C-995646EC9EEF}.Debug|Any CPU.Build.0 = Debug|Any CPU
		{2C4E9082-C2AC-4E37-9F9C-995646EC9EEF}.Release|Any CPU.ActiveCfg = Release|Any CPU
		{2C4E9082-C2AC-4E37-9F9C-995646EC9EEF}.Release|Any CPU.Build.0 = Release|Any CPU
		{F8EC0B9E-7DD1-4489-A508-23C7B459A348}.Debug|Any CPU.ActiveCfg = Debug|Any CPU
		{F8EC0B9E-7DD1-4489-A508-23C7B459A348}.Debug|Any CPU.Build.0 = Debug|Any CPU
		{F8EC0B9E-7DD1-4489-A508-23C7B459A348}.Release|Any CPU.ActiveCfg = Release|Any CPU
		{F8EC0B9E-7DD1-4489-A508-23C7B459A348}.Release|Any CPU.Build.0 = Release|Any CPU
		{F03131EB-6C41-41E8-9404-348CCA4DEA3C}.Debug|Any CPU.ActiveCfg = Debug|Any CPU
		{F03131EB-6C41-41E8-9404-348CCA4DEA3C}.Debug|Any CPU.Build.0 = Debug|Any CPU
		{F03131EB-6C41-41E8-9404-348CCA4DEA3C}.Release|Any CPU.ActiveCfg = Release|Any CPU
		{F03131EB-6C41-41E8-9404-348CCA4DEA3C}.Release|Any CPU.Build.0 = Release|Any CPU
		{2EB34445-7C9E-4BDE-BE32-B2F0B3D80A4E}.Debug|Any CPU.ActiveCfg = Debug|Any CPU
		{2EB34445-7C9E-4BDE-BE32-B2F0B3D80A4E}.Debug|Any CPU.Build.0 = Debug|Any CPU
		{2EB34445-7C9E-4BDE-BE32-B2F0B3D80A4E}.Release|Any CPU.ActiveCfg = Release|Any CPU
		{2EB34445-7C9E-4BDE-BE32-B2F0B3D80A4E}.Release|Any CPU.Build.0 = Release|Any CPU
		{47F1D7DD-6F00-40B1-9112-A8DE7C625C6A}.Debug|Any CPU.ActiveCfg = Debug|Any CPU
		{47F1D7DD-6F00-40B1-9112-A8DE7C625C6A}.Debug|Any CPU.Build.0 = Debug|Any CPU
		{47F1D7DD-6F00-40B1-9112-A8DE7C625C6A}.Release|Any CPU.ActiveCfg = Release|Any CPU
		{47F1D7DD-6F00-40B1-9112-A8DE7C625C6A}.Release|Any CPU.Build.0 = Release|Any CPU
	EndGlobalSection
	GlobalSection(SolutionProperties) = preSolution
		HideSolutionNode = FALSE
	EndGlobalSection
	GlobalSection(ExtensibilityGlobals) = postSolution
		SolutionGuid = {F070ABC4-A21F-461D-9DC4-038477A1D96D}
	EndGlobalSection
EndGlobal
